
Microsoft Visual Studio Solution File, Format Version 12.00
# Visual Studio Version 17
VisualStudioVersion = 17.10.34928.147
MinimumVisualStudioVersion = 10.0.40219.1
Project("{FAE04EC0-301F-11D3-BF4B-00C04F79EFBC}") = "M9Studio.HexMatrix", "M9Studio.HexMatrix.csproj", "{1B9B849F-B9BF-4D1A-9C0F-F4C7BF6CC177}"
EndProject
Global
	GlobalSection(SolutionConfigurationPlatforms) = preSolution
		Debug|Any CPU = Debug|Any CPU
		Release|Any CPU = Release|Any CPU
	EndGlobalSection
	GlobalSection(ProjectConfigurationPlatforms) = postSolution
		{1B9B849F-B9BF-4D1A-9C0F-F4C7BF6CC177}.Debug|Any CPU.ActiveCfg = Debug|Any CPU
		{1B9B849F-B9BF-4D1A-9C0F-F4C7BF6CC177}.Debug|Any CPU.Build.0 = Debug|Any CPU
		{1B9B849F-B9BF-4D1A-9C0F-F4C7BF6CC177}.Release|Any CPU.ActiveCfg = Release|Any CPU
		{1B9B849F-B9BF-4D1A-9C0F-F4C7BF6CC177}.Release|Any CPU.Build.0 = Release|Any CPU
	EndGlobalSection
	GlobalSection(SolutionProperties) = preSolution
		HideSolutionNode = FALSE
	EndGlobalSection
	GlobalSection(ExtensibilityGlobals) = postSolution
		SolutionGuid = {DE6E6557-247E-47A3-B3C8-1BA80EE1FC04}
	EndGlobalSection
EndGlobal
